
Microsoft Visual Studio Solution File, Format Version 12.00
# Visual Studio 15
VisualStudioVersion = 15.0.28010.2048
MinimumVisualStudioVersion = 10.0.40219.1
Project("{FAE04EC0-301F-11D3-BF4B-00C04F79EFBC}") = "testApp.Android", "testApp\testApp.Android\testApp.Android.csproj", "{FD9ECCF9-A221-4EFF-93AA-1C59D2844107}"
EndProject
Project("{FAE04EC0-301F-11D3-BF4B-00C04F79EFBC}") = "testApp", "testApp\testApp\testApp.csproj", "{69838F15-B5BE-4937-96EE-EDB311DD9263}"
EndProject
Project("{2150E333-8FDC-42A3-9474-1A3956D46DE8}") = "API", "API", "{FD204ED4-DE99-48F4-BDEC-4B6193B4664E}"
EndProject
Project("{2150E333-8FDC-42A3-9474-1A3956D46DE8}") = "Mobile", "Mobile", "{A2CB5024-0EBD-494A-A158-B3AD8F89CCBB}"
EndProject
Project("{FAE04EC0-301F-11D3-BF4B-00C04F79EFBC}") = "WEBAPI", "WEBAPI\WEBAPI.csproj", "{57316F04-F3F1-42EB-AA5D-5215D89C123C}"
EndProject
Global
	GlobalSection(SolutionConfigurationPlatforms) = preSolution
		Debug|Any CPU = Debug|Any CPU
		Release|Any CPU = Release|Any CPU
	EndGlobalSection
	GlobalSection(ProjectConfigurationPlatforms) = postSolution
		{FD9ECCF9-A221-4EFF-93AA-1C59D2844107}.Debug|Any CPU.ActiveCfg = Debug|Any CPU
		{FD9ECCF9-A221-4EFF-93AA-1C59D2844107}.Debug|Any CPU.Build.0 = Debug|Any CPU
		{FD9ECCF9-A221-4EFF-93AA-1C59D2844107}.Debug|Any CPU.Deploy.0 = Debug|Any CPU
		{FD9ECCF9-A221-4EFF-93AA-1C59D2844107}.Release|Any CPU.ActiveCfg = Release|Any CPU
		{FD9ECCF9-A221-4EFF-93AA-1C59D2844107}.Release|Any CPU.Build.0 = Release|Any CPU
		{FD9ECCF9-A221-4EFF-93AA-1C59D2844107}.Release|Any CPU.Deploy.0 = Release|Any CPU
		{69838F15-B5BE-4937-96EE-EDB311DD9263}.Debug|Any CPU.ActiveCfg = Debug|Any CPU
		{69838F15-B5BE-4937-96EE-EDB311DD9263}.Debug|Any CPU.Build.0 = Debug|Any CPU
		{69838F15-B5BE-4937-96EE-EDB311DD9263}.Release|Any CPU.ActiveCfg = Release|Any CPU
		{69838F15-B5BE-4937-96EE-EDB311DD9263}.Release|Any CPU.Build.0 = Release|Any CPU
		{57316F04-F3F1-42EB-AA5D-5215D89C123C}.Debug|Any CPU.ActiveCfg = Debug|Any CPU
		{57316F04-F3F1-42EB-AA5D-5215D89C123C}.Debug|Any CPU.Build.0 = Debug|Any CPU
		{57316F04-F3F1-42EB-AA5D-5215D89C123C}.Release|Any CPU.ActiveCfg = Release|Any CPU
		{57316F04-F3F1-42EB-AA5D-5215D89C123C}.Release|Any CPU.Build.0 = Release|Any CPU
	EndGlobalSection
	GlobalSection(SolutionProperties) = preSolution
		HideSolutionNode = FALSE
	EndGlobalSection
	GlobalSection(NestedProjects) = preSolution
		{FD9ECCF9-A221-4EFF-93AA-1C59D2844107} = {A2CB5024-0EBD-494A-A158-B3AD8F89CCBB}
		{69838F15-B5BE-4937-96EE-EDB311DD9263} = {A2CB5024-0EBD-494A-A158-B3AD8F89CCBB}
		{57316F04-F3F1-42EB-AA5D-5215D89C123C} = {FD204ED4-DE99-48F4-BDEC-4B6193B4664E}
	EndGlobalSection
	GlobalSection(ExtensibilityGlobals) = postSolution
		SolutionGuid = {F64B6C27-E664-43CE-B0C6-FD1BA82294D0}
	EndGlobalSection
EndGlobal
